
Microsoft Visual Studio Solution File, Format Version 12.00
# Visual Studio Version 16
VisualStudioVersion = 16.0.31321.278
MinimumVisualStudioVersion = 10.0.40219.1
Project("{FAE04EC0-301F-11D3-BF4B-00C04F79EFBC}") = "CICD-WebApp01", "CICD-WebApp01.csproj", "{CD5BAB15-16F3-4C93-8378-7ABFBC2A99B0}"
EndProject
Global
	GlobalSection(SolutionConfigurationPlatforms) = preSolution
		Debug|Any CPU = Debug|Any CPU
		Release|Any CPU = Release|Any CPU
	EndGlobalSection
	GlobalSection(ProjectConfigurationPlatforms) = postSolution
		{CD5BAB15-16F3-4C93-8378-7ABFBC2A99B0}.Debug|Any CPU.ActiveCfg = Debug|Any CPU
		{CD5BAB15-16F3-4C93-8378-7ABFBC2A99B0}.Debug|Any CPU.Build.0 = Debug|Any CPU
		{CD5BAB15-16F3-4C93-8378-7ABFBC2A99B0}.Release|Any CPU.ActiveCfg = Release|Any CPU
		{CD5BAB15-16F3-4C93-8378-7ABFBC2A99B0}.Release|Any CPU.Build.0 = Release|Any CPU
	EndGlobalSection
	GlobalSection(SolutionProperties) = preSolution
		HideSolutionNode = FALSE
	EndGlobalSection
	GlobalSection(ExtensibilityGlobals) = postSolution
		SolutionGuid = {11DDCE27-EF2A-4ABB-B9FF-405502C37015}
	EndGlobalSection
EndGlobal
